
Microsoft Visual Studio Solution File, Format Version 12.00
# Visual Studio Version 16
VisualStudioVersion = 16.0.30907.101
MinimumVisualStudioVersion = 10.0.40219.1
Project("{FAE04EC0-301F-11D3-BF4B-00C04F79EFBC}") = "CarFactory", "CarFactory\CarFactory.csproj", "{281B03B3-D276-4B3B-9640-2C5BCB46E91B}"
EndProject
Global
	GlobalSection(SolutionConfigurationPlatforms) = preSolution
		Debug|Any CPU = Debug|Any CPU
		Release|Any CPU = Release|Any CPU
	EndGlobalSection
	GlobalSection(ProjectConfigurationPlatforms) = postSolution
		{281B03B3-D276-4B3B-9640-2C5BCB46E91B}.Debug|Any CPU.ActiveCfg = Debug|Any CPU
		{281B03B3-D276-4B3B-9640-2C5BCB46E91B}.Debug|Any CPU.Build.0 = Debug|Any CPU
		{281B03B3-D276-4B3B-9640-2C5BCB46E91B}.Release|Any CPU.ActiveCfg = Release|Any CPU
		{281B03B3-D276-4B3B-9640-2C5BCB46E91B}.Release|Any CPU.Build.0 = Release|Any CPU
	EndGlobalSection
	GlobalSection(SolutionProperties) = preSolution
		HideSolutionNode = FALSE
	EndGlobalSection
	GlobalSection(ExtensibilityGlobals) = postSolution
		SolutionGuid = {36A4107D-E3D6-43B3-8ABD-57F41CC98126}
	EndGlobalSection
EndGlobal
